
Microsoft Visual Studio Solution File, Format Version 12.00
# Visual Studio Version 16
VisualStudioVersion = 16.0.32510.428
MinimumVisualStudioVersion = 10.0.40219.1
Project("{FAE04EC0-301F-11D3-BF4B-00C04F79EFBC}") = "SalesWebMVC", "SalesWebMVC\SalesWebMVC.csproj", "{D850290F-051B-4E34-8A1D-57F7617A028A}"
EndProject
Global
	GlobalSection(SolutionConfigurationPlatforms) = preSolution
		Debug|Any CPU = Debug|Any CPU
		Release|Any CPU = Release|Any CPU
	EndGlobalSection
	GlobalSection(ProjectConfigurationPlatforms) = postSolution
		{D850290F-051B-4E34-8A1D-57F7617A028A}.Debug|Any CPU.ActiveCfg = Debug|Any CPU
		{D850290F-051B-4E34-8A1D-57F7617A028A}.Debug|Any CPU.Build.0 = Debug|Any CPU
		{D850290F-051B-4E34-8A1D-57F7617A028A}.Release|Any CPU.ActiveCfg = Release|Any CPU
		{D850290F-051B-4E34-8A1D-57F7617A028A}.Release|Any CPU.Build.0 = Release|Any CPU
	EndGlobalSection
	GlobalSection(SolutionProperties) = preSolution
		HideSolutionNode = FALSE
	EndGlobalSection
	GlobalSection(ExtensibilityGlobals) = postSolution
		SolutionGuid = {15D3434A-BED3-44E3-AF7E-A380C254A179}
	EndGlobalSection
EndGlobal
